
Microsoft Visual Studio Solution File, Format Version 12.00
# Visual Studio 2013
VisualStudioVersion = 12.0.30501.0
MinimumVisualStudioVersion = 10.0.40219.1
Project("{FAE04EC0-301F-11D3-BF4B-00C04F79EFBC}") = "SC.Service.Presentation", "SC.Service.Presentation\SC.Service.Presentation.csproj", "{B39EF2E2-891A-4EB3-A204-4C9C57C4FB20}"
EndProject
Project("{2150E333-8FDC-42A3-9474-1A3956D46DE8}") = "Infrastructure", "Infrastructure", "{AFACF9D4-BFA5-4E17-8C5F-C89437BD0287}"
EndProject
Project("{2150E333-8FDC-42A3-9474-1A3956D46DE8}") = "Presentation", "Presentation", "{0783F772-A94C-4139-A56C-493DDADB1443}"
EndProject
Project("{FAE04EC0-301F-11D3-BF4B-00C04F79EFBC}") = "SC.Service.Data.Model", "SC.Service.Data.Model\SC.Service.Data.Model.csproj", "{EEA7B225-D866-4005-89BA-B80430761E8C}"
EndProject
Project("{FAE04EC0-301F-11D3-BF4B-00C04F79EFBC}") = "SC.Service.Business", "SC.Service.Business\SC.Service.Business.csproj", "{C2E84F24-3CC4-4C03-BA34-9345B1B6B66B}"
EndProject
Project("{FAE04EC0-301F-11D3-BF4B-00C04F79EFBC}") = "SC.Service.Contract", "SC.Service.Contract\SC.Service.Contract.csproj", "{4E223AA9-E0A7-46B1-AA89-B05958F11950}"
EndProject
Project("{FAE04EC0-301F-11D3-BF4B-00C04F79EFBC}") = "SC.Service.Core", "SC.Service.Core\SC.Service.Core.csproj", "{A7AD0C9A-BCC5-48D2-A686-B3FD807A6B7F}"
EndProject
Global
	GlobalSection(SolutionConfigurationPlatforms) = preSolution
		Debug|Any CPU = Debug|Any CPU
		Release|Any CPU = Release|Any CPU
	EndGlobalSection
	GlobalSection(ProjectConfigurationPlatforms) = postSolution
		{B39EF2E2-891A-4EB3-A204-4C9C57C4FB20}.Debug|Any CPU.ActiveCfg = Debug|Any CPU
		{B39EF2E2-891A-4EB3-A204-4C9C57C4FB20}.Debug|Any CPU.Build.0 = Debug|Any CPU
		{B39EF2E2-891A-4EB3-A204-4C9C57C4FB20}.Release|Any CPU.ActiveCfg = Release|Any CPU
		{B39EF2E2-891A-4EB3-A204-4C9C57C4FB20}.Release|Any CPU.Build.0 = Release|Any CPU
		{EEA7B225-D866-4005-89BA-B80430761E8C}.Debug|Any CPU.ActiveCfg = Debug|Any CPU
		{EEA7B225-D866-4005-89BA-B80430761E8C}.Debug|Any CPU.Build.0 = Debug|Any CPU
		{EEA7B225-D866-4005-89BA-B80430761E8C}.Release|Any CPU.ActiveCfg = Release|Any CPU
		{EEA7B225-D866-4005-89BA-B80430761E8C}.Release|Any CPU.Build.0 = Release|Any CPU
		{C2E84F24-3CC4-4C03-BA34-9345B1B6B66B}.Debug|Any CPU.ActiveCfg = Debug|Any CPU
		{C2E84F24-3CC4-4C03-BA34-9345B1B6B66B}.Debug|Any CPU.Build.0 = Debug|Any CPU
		{C2E84F24-3CC4-4C03-BA34-9345B1B6B66B}.Release|Any CPU.ActiveCfg = Release|Any CPU
		{C2E84F24-3CC4-4C03-BA34-9345B1B6B66B}.Release|Any CPU.Build.0 = Release|Any CPU
		{4E223AA9-E0A7-46B1-AA89-B05958F11950}.Debug|Any CPU.ActiveCfg = Debug|Any CPU
		{4E223AA9-E0A7-46B1-AA89-B05958F11950}.Debug|Any CPU.Build.0 = Debug|Any CPU
		{4E223AA9-E0A7-46B1-AA89-B05958F11950}.Release|Any CPU.ActiveCfg = Release|Any CPU
		{4E223AA9-E0A7-46B1-AA89-B05958F11950}.Release|Any CPU.Build.0 = Release|Any CPU
		{A7AD0C9A-BCC5-48D2-A686-B3FD807A6B7F}.Debug|Any CPU.ActiveCfg = Debug|Any CPU
		{A7AD0C9A-BCC5-48D2-A686-B3FD807A6B7F}.Debug|Any CPU.Build.0 = Debug|Any CPU
		{A7AD0C9A-BCC5-48D2-A686-B3FD807A6B7F}.Release|Any CPU.ActiveCfg = Release|Any CPU
		{A7AD0C9A-BCC5-48D2-A686-B3FD807A6B7F}.Release|Any CPU.Build.0 = Release|Any CPU
	EndGlobalSection
	GlobalSection(SolutionProperties) = preSolution
		HideSolutionNode = FALSE
	EndGlobalSection
	GlobalSection(NestedProjects) = preSolution
		{B39EF2E2-891A-4EB3-A204-4C9C57C4FB20} = {0783F772-A94C-4139-A56C-493DDADB1443}
		{EEA7B225-D866-4005-89BA-B80430761E8C} = {AFACF9D4-BFA5-4E17-8C5F-C89437BD0287}
		{C2E84F24-3CC4-4C03-BA34-9345B1B6B66B} = {AFACF9D4-BFA5-4E17-8C5F-C89437BD0287}
		{4E223AA9-E0A7-46B1-AA89-B05958F11950} = {AFACF9D4-BFA5-4E17-8C5F-C89437BD0287}
		{A7AD0C9A-BCC5-48D2-A686-B3FD807A6B7F} = {AFACF9D4-BFA5-4E17-8C5F-C89437BD0287}
	EndGlobalSection
EndGlobal
